
Microsoft Visual Studio Solution File, Format Version 12.00
# Visual Studio 15
VisualStudioVersion = 15.0.28010.2026
MinimumVisualStudioVersion = 10.0.40219.1
Project("{FAE04EC0-301F-11D3-BF4B-00C04F79EFBC}") = "AdventOfCode2018", "AdventOfCode2018\AdventOfCode2018.csproj", "{2AB0245D-B9B5-42A7-8C84-6F77728BEB27}"
EndProject
Global
	GlobalSection(SolutionConfigurationPlatforms) = preSolution
		Debug|Any CPU = Debug|Any CPU
		Release|Any CPU = Release|Any CPU
	EndGlobalSection
	GlobalSection(ProjectConfigurationPlatforms) = postSolution
		{2AB0245D-B9B5-42A7-8C84-6F77728BEB27}.Debug|Any CPU.ActiveCfg = Debug|Any CPU
		{2AB0245D-B9B5-42A7-8C84-6F77728BEB27}.Debug|Any CPU.Build.0 = Debug|Any CPU
		{2AB0245D-B9B5-42A7-8C84-6F77728BEB27}.Release|Any CPU.ActiveCfg = Release|Any CPU
		{2AB0245D-B9B5-42A7-8C84-6F77728BEB27}.Release|Any CPU.Build.0 = Release|Any CPU
	EndGlobalSection
	GlobalSection(SolutionProperties) = preSolution
		HideSolutionNode = FALSE
	EndGlobalSection
	GlobalSection(ExtensibilityGlobals) = postSolution
		SolutionGuid = {A6B75071-8B04-4951-BE1D-C0FA672D1520}
	EndGlobalSection
EndGlobal
